// !$*UTF8*$!
{
	archiveVersion = 1;
	classes = {
	};
	objectVersion = 50;
	objects = {

/* Begin PBXBuildFile section */
		0E4DB72D266367F900DBDA45 /* TableViewController.swift in Sources */ = {isa = PBXBuildFile; fileRef = 0E4DB72C266367F900DBDA45 /* TableViewController.swift */; };
		0EECC8B225DA4A82004E01EE /* AppDelegate.swift in Sources */ = {isa = PBXBuildFile; fileRef = 0EECC8B125DA4A82004E01EE /* AppDelegate.swift */; };
		0EECC8B425DA4A82004E01EE /* SceneDelegate.swift in Sources */ = {isa = PBXBuildFile; fileRef = 0EECC8B325DA4A82004E01EE /* SceneDelegate.swift */; };
		0EECC8B625DA4A82004E01EE /* ViewController.swift in Sources */ = {isa = PBXBuildFile; fileRef = 0EECC8B525DA4A82004E01EE /* ViewController.swift */; };
		0EECC8B925DA4A82004E01EE /* Main.storyboard in Resources */ = {isa = PBXBuildFile; fileRef = 0EECC8B725DA4A82004E01EE /* Main.storyboard */; };
		0EECC8BB25DA4A84004E01EE /* Assets.xcassets in Resources */ = {isa = PBXBuildFile; fileRef = 0EECC8BA25DA4A84004E01EE /* Assets.xcassets */; };
		0EECC8BE25DA4A84004E01EE /* LaunchScreen.storyboard in Resources */ = {isa = PBXBuildFile; fileRef = 0EECC8BC25DA4A84004E01EE /* LaunchScreen.storyboard */; };
		0EECC8C925DA4A84004E01EE /* ScrollingTests.swift in Sources */ = {isa = PBXBuildFile; fileRef = 0EECC8C825DA4A84004E01EE /* ScrollingTests.swift */; };
		0EECC8D425DA4A84004E01EE /* ScrollingUITests.swift in Sources */ = {isa = PBXBuildFile; fileRef = 0EECC8D325DA4A84004E01EE /* ScrollingUITests.swift */; };
/* End PBXBuildFile section */

/* Begin PBXContainerItemProxy section */
		0EECC8C525DA4A84004E01EE /* PBXContainerItemProxy */ = {
			isa = PBXContainerItemProxy;
			containerPortal = 0EECC8A625DA4A82004E01EE /* Project object */;
			proxyType = 1;
			remoteGlobalIDString = 0EECC8AD25DA4A82004E01EE;
			remoteInfo = Scrolling;
		};
		0EECC8D025DA4A84004E01EE /* PBXContainerItemProxy */ = {
			isa = PBXContainerItemProxy;
			containerPortal = 0EECC8A625DA4A82004E01EE /* Project object */;
			proxyType = 1;
			remoteGlobalIDString = 0EECC8AD25DA4A82004E01EE;
			remoteInfo = Scrolling;
		};
/* End PBXContainerItemProxy section */

/* Begin PBXFileReference section */
		0E4DB72C266367F900DBDA45 /* TableViewController.swift */ = {isa = PBXFileReference; lastKnownFileType = sourcecode.swift; path = TableViewController.swift; sourceTree = "<group>"; };
		0EECC8AE25DA4A82004E01EE /* Scrolling.app */ = {isa = PBXFileReference; explicitFileType = wrapper.application; includeInIndex = 0; path = Scrolling.app; sourceTree = BUILT_PRODUCTS_DIR; };
		0EECC8B125DA4A82004E01EE /* AppDelegate.swift */ = {isa = PBXFileReference; lastKnownFileType = sourcecode.swift; path = AppDelegate.swift; sourceTree = "<group>"; };
		0EECC8B325DA4A82004E01EE /* SceneDelegate.swift */ = {isa = PBXFileReference; lastKnownFileType = sourcecode.swift; path = SceneDelegate.swift; sourceTree = "<group>"; };
		0EECC8B525DA4A82004E01EE /* ViewController.swift */ = {isa = PBXFileReference; lastKnownFileType = sourcecode.swift; path = ViewController.swift; sourceTree = "<group>"; };
		0EECC8B825DA4A82004E01EE /* Base */ = {isa = PBXFileReference; lastKnownFileType = file.storyboard; name = Base; path = Base.lproj/Main.storyboard; sourceTree = "<group>"; };
		0EECC8BA25DA4A84004E01EE /* Assets.xcassets */ = {isa = PBXFileReference; lastKnownFileType = folder.assetcatalog; path = Assets.xcassets; sourceTree = "<group>"; };
		0EECC8BD25DA4A84004E01EE /* Base */ = {isa = PBXFileReference; lastKnownFileType = file.storyboard; name = Base; path = Base.lproj/LaunchScreen.storyboard; sourceTree = "<group>"; };
		0EECC8BF25DA4A84004E01EE /* Info.plist */ = {isa = PBXFileReference; lastKnownFileType = text.plist.xml; path = Info.plist; sourceTree = "<group>"; };
		0EECC8C425DA4A84004E01EE /* ScrollingTests.xctest */ = {isa = PBXFileReference; explicitFileType = wrapper.cfbundle; includeInIndex = 0; path = ScrollingTests.xctest; sourceTree = BUILT_PRODUCTS_DIR; };
		0EECC8C825DA4A84004E01EE /* ScrollingTests.swift */ = {isa = PBXFileReference; lastKnownFileType = sourcecode.swift; path = ScrollingTests.swift; sourceTree = "<group>"; };
		0EECC8CA25DA4A84004E01EE /* Info.plist */ = {isa = PBXFileReference; lastKnownFileType = text.plist.xml; path = Info.plist; sourceTree = "<group>"; };
		0EECC8CF25DA4A84004E01EE /* ScrollingUITests.xctest */ = {isa = PBXFileReference; explicitFileType = wrapper.cfbundle; includeInIndex = 0; path = ScrollingUITests.xctest; sourceTree = BUILT_PRODUCTS_DIR; };
		0EECC8D325DA4A84004E01EE /* ScrollingUITests.swift */ = {isa = PBXFileReference; lastKnownFileType = sourcecode.swift; path = ScrollingUITests.swift; sourceTree = "<group>"; };
		0EECC8D525DA4A84004E01EE /* Info.plist */ = {isa = PBXFileReference; lastKnownFileType = text.plist.xml; path = Info.plist; sourceTree = "<group>"; };
/* End PBXFileReference section */

/* Begin PBXFrameworksBuildPhase section */
		0EECC8AB25DA4A82004E01EE /* Frameworks */ = {
			isa = PBXFrameworksBuildPhase;
			buildActionMask = 2147483647;
			files = (
			);
			runOnlyForDeploymentPostprocessing = 0;
		};
		0EECC8C125DA4A84004E01EE /* Frameworks */ = {
			isa = PBXFrameworksBuildPhase;
			buildActionMask = 2147483647;
			files = (
			);
			runOnlyForDeploymentPostprocessing = 0;
		};
		0EECC8CC25DA4A84004E01EE /* Frameworks */ = {
			isa = PBXFrameworksBuildPhase;
			buildActionMask = 2147483647;
			files = (
			);
			runOnlyForDeploymentPostprocessing = 0;
		};
/* End PBXFrameworksBuildPhase section */

/* Begin PBXGroup section */
		0EECC8A525DA4A82004E01EE = {
			isa = PBXGroup;
			children = (
				0EECC8B025DA4A82004E01EE /* Scrolling */,
				0EECC8C725DA4A84004E01EE /* ScrollingTests */,
				0EECC8D225DA4A84004E01EE /* ScrollingUITests */,
				0EECC8AF25DA4A82004E01EE /* Products */,
			);
			sourceTree = "<group>";
		};
		0EECC8AF25DA4A82004E01EE /* Products */ = {
			isa = PBXGroup;
			children = (
				0EECC8AE25DA4A82004E01EE /* Scrolling.app */,
				0EECC8C425DA4A84004E01EE /* ScrollingTests.xctest */,
				0EECC8CF25DA4A84004E01EE /* ScrollingUITests.xctest */,
			);
			name = Products;
			sourceTree = "<group>";
		};
		0EECC8B025DA4A82004E01EE /* Scrolling */ = {
			isa = PBXGroup;
			children = (
				0EECC8B125DA4A82004E01EE /* AppDelegate.swift */,
				0EECC8B325DA4A82004E01EE /* SceneDelegate.swift */,
				0EECC8B525DA4A82004E01EE /* ViewController.swift */,
				0EECC8B725DA4A82004E01EE /* Main.storyboard */,
				0EECC8BA25DA4A84004E01EE /* Assets.xcassets */,
				0EECC8BC25DA4A84004E01EE /* LaunchScreen.storyboard */,
				0EECC8BF25DA4A84004E01EE /* Info.plist */,
				0E4DB72C266367F900DBDA45 /* TableViewController.swift */,
			);
			path = Scrolling;
			sourceTree = "<group>";
		};
		0EECC8C725DA4A84004E01EE /* ScrollingTests */ = {
			isa = PBXGroup;
			children = (
				0EECC8C825DA4A84004E01EE /* ScrollingTests.swift */,
				0EECC8CA25DA4A84004E01EE /* Info.plist */,
			);
			path = ScrollingTests;
			sourceTree = "<group>";
		};
		0EECC8D225DA4A84004E01EE /* ScrollingUITests */ = {
			isa = PBXGroup;
			children = (
				0EECC8D325DA4A84004E01EE /* ScrollingUITests.swift */,
				0EECC8D525DA4A84004E01EE /* Info.plist */,
			);
			path = ScrollingUITests;
			sourceTree = "<group>";
		};
/* End PBXGroup section */

/* Begin PBXNativeTarget section */
		0EECC8AD25DA4A82004E01EE /* Scrolling */ = {
			isa = PBXNativeTarget;
			buildConfigurationList = 0EECC8D825DA4A84004E01EE /* Build configuration list for PBXNativeTarget "Scrolling" */;
			buildPhases = (
				0EECC8AA25DA4A82004E01EE /* Sources */,
				0EECC8AB25DA4A82004E01EE /* Frameworks */,
				0EECC8AC25DA4A82004E01EE /* Resources */,
			);
			buildRules = (
			);
			dependencies = (
			);
			name = Scrolling;
			productName = Scrolling;
			productReference = 0EECC8AE25DA4A82004E01EE /* Scrolling.app */;
			productType = "com.apple.product-type.application";
		};
		0EECC8C325DA4A84004E01EE /* ScrollingTests */ = {
			isa = PBXNativeTarget;
			buildConfigurationList = 0EECC8DB25DA4A84004E01EE /* Build configuration list for PBXNativeTarget "ScrollingTests" */;
			buildPhases = (
				0EECC8C025DA4A84004E01EE /* Sources */,
				0EECC8C125DA4A84004E01EE /* Frameworks */,
				0EECC8C225DA4A84004E01EE /* Resources */,
			);
			buildRules = (
			);
			dependencies = (
				0EECC8C625DA4A84004E01EE /* PBXTargetDependency */,
			);
			name = ScrollingTests;
			productName = ScrollingTests;
			productReference = 0EECC8C425DA4A84004E01EE /* ScrollingTests.xctest */;
			productType = "com.apple.product-type.bundle.unit-test";
		};
		0EECC8CE25DA4A84004E01EE /* ScrollingUITests */ = {
			isa = PBXNativeTarget;
			buildConfigurationList = 0EECC8DE25DA4A84004E01EE /* Build configuration list for PBXNativeTarget "ScrollingUITests" */;
			buildPhases = (
				0EECC8CB25DA4A84004E01EE /* Sources */,
				0EECC8CC25DA4A84004E01EE /* Frameworks */,
				0EECC8CD25DA4A84004E01EE /* Resources */,
			);
			buildRules = (
			);
			dependencies = (
				0EECC8D125DA4A84004E01EE /* PBXTargetDependency */,
			);
			name = ScrollingUITests;
			productName = ScrollingUITests;
			productReference = 0EECC8CF25DA4A84004E01EE /* ScrollingUITests.xctest */;
			productType = "com.apple.product-type.bundle.ui-testing";
		};
/* End PBXNativeTarget section */

/* Begin PBXProject section */
		0EECC8A625DA4A82004E01EE /* Project object */ = {
			isa = PBXProject;
			attributes = {
				LastSwiftUpdateCheck = 1240;
				LastUpgradeCheck = 1240;
				TargetAttributes = {
					0EECC8AD25DA4A82004E01EE = {
						CreatedOnToolsVersion = 12.4;
					};
					0EECC8C325DA4A84004E01EE = {
						CreatedOnToolsVersion = 12.4;
						TestTargetID = 0EECC8AD25DA4A82004E01EE;
					};
					0EECC8CE25DA4A84004E01EE = {
						CreatedOnToolsVersion = 12.4;
						TestTargetID = 0EECC8AD25DA4A82004E01EE;
					};
				};
			};
			buildConfigurationList = 0EECC8A925DA4A82004E01EE /* Build configuration list for PBXProject "Scrolling" */;
			compatibilityVersion = "Xcode 9.3";
			developmentRegion = en;
			hasScannedForEncodings = 0;
			knownRegions = (
				en,
				Base,
			);
			mainGroup = 0EECC8A525DA4A82004E01EE;
			productRefGroup = 0EECC8AF25DA4A82004E01EE /* Products */;
			projectDirPath = "";
			projectRoot = "";
			targets = (
				0EECC8AD25DA4A82004E01EE /* Scrolling */,
				0EECC8C325DA4A84004E01EE /* ScrollingTests */,
				0EECC8CE25DA4A84004E01EE /* ScrollingUITests */,
			);
		};
/* End PBXProject section */

/* Begin PBXResourcesBuildPhase section */
		0EECC8AC25DA4A82004E01EE /* Resources */ = {
			isa = PBXResourcesBuildPhase;
			buildActionMask = 2147483647;
			files = (
				0EECC8BE25DA4A84004E01EE /* LaunchScreen.storyboard in Resources */,
				0EECC8BB25DA4A84004E01EE /* Assets.xcassets in Resources */,
				0EECC8B925DA4A82004E01EE /* Main.storyboard in Resources */,
			);
			runOnlyForDeploymentPostprocessing = 0;
		};
		0EECC8C225DA4A84004E01EE /* Resources */ = {
			isa = PBXResourcesBuildPhase;
			buildActionMask = 2147483647;
			files = (
			);
			runOnlyForDeploymentPostprocessing = 0;
		};
		0EECC8CD25DA4A84004E01EE /* Resources */ = {
			isa = PBXResourcesBuildPhase;
			buildActionMask = 2147483647;
			files = (
			);
			runOnlyForDeploymentPostprocessing = 0;
		};
/* End PBXResourcesBuildPhase section */

/* Begin PBXSourcesBuildPhase section */
		0EECC8AA25DA4A82004E01EE /* Sources */ = {
			isa = PBXSourcesBuildPhase;
			buildActionMask = 2147483647;
			files = (
				0EECC8B625DA4A82004E01EE /* ViewController.swift in Sources */,
				0EECC8B225DA4A82004E01EE /* AppDelegate.swift in Sources */,
				0EECC8B425DA4A82004E01EE /* SceneDelegate.swift in Sources */,
				0E4DB72D266367F900DBDA45 /* TableViewController.swift in Sources */,
			);
			runOnlyForDeploymentPostprocessing = 0;
		};
		0EECC8C025DA4A84004E01EE /* Sources */ = {
			isa = PBXSourcesBuildPhase;
			buildActionMask = 2147483647;
			files = (
				0EECC8C925DA4A84004E01EE /* ScrollingTests.swift in Sources */,
			);
			runOnlyForDeploymentPostprocessing = 0;
		};
		0EECC8CB25DA4A84004E01EE /* Sources */ = {
			isa = PBXSourcesBuildPhase;
			buildActionMask = 2147483647;
			files = (
				0EECC8D425DA4A84004E01EE /* ScrollingUITests.swift in Sources */,
			);
			runOnlyForDeploymentPostprocessing = 0;
		};
/* End PBXSourcesBuildPhase section */

/* Begin PBXTargetDependency section */
		0EECC8C625DA4A84004E01EE /* PBXTargetDependency */ = {
			isa = PBXTargetDependency;
			target = 0EECC8AD25DA4A82004E01EE /* Scrolling */;
			targetProxy = 0EECC8C525DA4A84004E01EE /* PBXContainerItemProxy */;
		};
		0EECC8D125DA4A84004E01EE /* PBXTargetDependency */ = {
			isa = PBXTargetDependency;
			target = 0EECC8AD25DA4A82004E01EE /* Scrolling */;
			targetProxy = 0EECC8D025DA4A84004E01EE /* PBXContainerItemProxy */;
		};
/* End PBXTargetDependency section */

/* Begin PBXVariantGroup section */
		0EECC8B725DA4A82004E01EE /* Main.storyboard */ = {
			isa = PBXVariantGroup;
			children = (
				0EECC8B825DA4A82004E01EE /* Base */,
			);
			name = Main.storyboard;
			sourceTree = "<group>";
		};
		0EECC8BC25DA4A84004E01EE /* LaunchScreen.storyboard */ = {
			isa = PBXVariantGroup;
			children = (
				0EECC8BD25DA4A84004E01EE /* Base */,
			);
			name = LaunchScreen.storyboard;
			sourceTree = "<group>";
		};
/* End PBXVariantGroup section */

/* Begin XCBuildConfiguration section */
		0EECC8D625DA4A84004E01EE /* Debug */ = {
			isa = XCBuildConfiguration;
			buildSettings = {
				ALWAYS_SEARCH_USER_PATHS = NO;
				CLANG_ANALYZER_NONNULL = YES;
				CLANG_ANALYZER_NUMBER_OBJECT_CONVERSION = YES_AGGRESSIVE;
				CLANG_CXX_LANGUAGE_STANDARD = "gnu++14";
				CLANG_CXX_LIBRARY = "libc++";
				CLANG_ENABLE_MODULES = YES;
				CLANG_ENABLE_OBJC_ARC = YES;
				CLANG_ENABLE_OBJC_WEAK = YES;
				CLANG_WARN_BLOCK_CAPTURE_AUTORELEASING = YES;
				CLANG_WARN_BOOL_CONVERSION = YES;
				CLANG_WARN_COMMA = YES;
				CLANG_WARN_CONSTANT_CONVERSION = YES;
				CLANG_WARN_DEPRECATED_OBJC_IMPLEMENTATIONS = YES;
				CLANG_WARN_DIRECT_OBJC_ISA_USAGE = YES_ERROR;
				CLANG_WARN_DOCUMENTATION_COMMENTS = YES;
				CLANG_WARN_EMPTY_BODY = YES;
				CLANG_WARN_ENUM_CONVERSION = YES;
				CLANG_WARN_INFINITE_RECURSION = YES;
				CLANG_WARN_INT_CONVERSION = YES;
				CLANG_WARN_NON_LITERAL_NULL_CONVERSION = YES;
				CLANG_WARN_OBJC_IMPLICIT_RETAIN_SELF = YES;
				CLANG_WARN_OBJC_LITERAL_CONVERSION = YES;
				CLANG_WARN_OBJC_ROOT_CLASS = YES_ERROR;
				CLANG_WARN_QUOTED_INCLUDE_IN_FRAMEWORK_HEADER = YES;
				CLANG_WARN_RANGE_LOOP_ANALYSIS = YES;
				CLANG_WARN_STRICT_PROTOTYPES = YES;
				CLANG_WARN_SUSPICIOUS_MOVE = YES;
				CLANG_WARN_UNGUARDED_AVAILABILITY = YES_AGGRESSIVE;
				CLANG_WARN_UNREACHABLE_CODE = YES;
				CLANG_WARN__DUPLICATE_METHOD_MATCH = YES;
				COPY_PHASE_STRIP = NO;
				DEBUG_INFORMATION_FORMAT = dwarf;
				ENABLE_STRICT_OBJC_MSGSEND = YES;
				ENABLE_TESTABILITY = YES;
				GCC_C_LANGUAGE_STANDARD = gnu11;
				GCC_DYNAMIC_NO_PIC = NO;
				GCC_NO_COMMON_BLOCKS = YES;
				GCC_OPTIMIZATION_LEVEL = 0;
				GCC_PREPROCESSOR_DEFINITIONS = (
					"DEBUG=1",
					"$(inherited)",
				);
				GCC_WARN_64_TO_32_BIT_CONVERSION = YES;
				GCC_WARN_ABOUT_RETURN_TYPE = YES_ERROR;
				GCC_WARN_UNDECLARED_SELECTOR = YES;
				GCC_WARN_UNINITIALIZED_AUTOS = YES_AGGRESSIVE;
				GCC_WARN_UNUSED_FUNCTION = YES;
				GCC_WARN_UNUSED_VARIABLE = YES;
				IPHONEOS_DEPLOYMENT_TARGET = 14.4;
				MTL_ENABLE_DEBUG_INFO = INCLUDE_SOURCE;
				MTL_FAST_MATH = YES;
				ONLY_ACTIVE_ARCH = YES;
				SDKROOT = iphoneos;
				SWIFT_ACTIVE_COMPILATION_CONDITIONS = DEBUG;
				SWIFT_OPTIMIZATION_LEVEL = "-Onone";
			};
			name = Debug;
		};
		0EECC8D725DA4A84004E01EE /* Release */ = {
			isa = XCBuildConfiguration;
			buildSettings = {
				ALWAYS_SEARCH_USER_PATHS = NO;
				CLANG_ANALYZER_NONNULL = YES;
				CLANG_ANALYZER_NUMBER_OBJECT_CONVERSION = YES_AGGRESSIVE;
				CLANG_CXX_LANGUAGE_STANDARD = "gnu++14";
				CLANG_CXX_LIBRARY = "libc++";
				CLANG_ENABLE_MODULES = YES;
				CLANG_ENABLE_OBJC_ARC = YES;
				CLANG_ENABLE_OBJC_WEAK = YES;
				CLANG_WARN_BLOCK_CAPTURE_AUTORELEASING = YES;
				CLANG_WARN_BOOL_CONVERSION = YES;
				CLANG_WARN_COMMA = YES;
				CLANG_WARN_CONSTANT_CONVERSION = YES;
				CLANG_WARN_DEPRECATED_OBJC_IMPLEMENTATIONS = YES;
				CLANG_WARN_DIRECT_OBJC_ISA_USAGE = YES_ERROR;
				CLANG_WARN_DOCUMENTATION_COMMENTS = YES;
				CLANG_WARN_EMPTY_BODY = YES;
				CLANG_WARN_ENUM_CONVERSION = YES;
				CLANG_WARN_INFINITE_RECURSION = YES;
				CLANG_WARN_INT_CONVERSION = YES;
				CLANG_WARN_NON_LITERAL_NULL_CONVERSION = YES;
				CLANG_WARN_OBJC_IMPLICIT_RETAIN_SELF = YES;
				CLANG_WARN_OBJC_LITERAL_CONVERSION = YES;
				CLANG_WARN_OBJC_ROOT_CLASS = YES_ERROR;
				CLANG_WARN_QUOTED_INCLUDE_IN_FRAMEWORK_HEADER = YES;
				CLANG_WARN_RANGE_LOOP_ANALYSIS = YES;
				CLANG_WARN_STRICT_PROTOTYPES = YES;
				CLANG_WARN_SUSPICIOUS_MOVE = YES;
				CLANG_WARN_UNGUARDED_AVAILABILITY = YES_AGGRESSIVE;
				CLANG_WARN_UNREACHABLE_CODE = YES;
				CLANG_WARN__DUPLICATE_METHOD_MATCH = YES;
				COPY_PHASE_STRIP = NO;
				DEBUG_INFORMATION_FORMAT = "dwarf-with-dsym";
				ENABLE_NS_ASSERTIONS = NO;
				ENABLE_STRICT_OBJC_MSGSEND = YES;
				GCC_C_LANGUAGE_STANDARD = gnu11;
				GCC_NO_COMMON_BLOCKS = YES;
				GCC_WARN_64_TO_32_BIT_CONVERSION = YES;
				GCC_WARN_ABOUT_RETURN_TYPE = YES_ERROR;
				GCC_WARN_UNDECLARED_SELECTOR = YES;
				GCC_WARN_UNINITIALIZED_AUTOS = YES_AGGRESSIVE;
				GCC_WARN_UNUSED_FUNCTION = YES;
				GCC_WARN_UNUSED_VARIABLE = YES;
				IPHONEOS_DEPLOYMENT_TARGET = 14.4;
				MTL_ENABLE_DEBUG_INFO = NO;
				MTL_FAST_MATH = YES;
				SDKROOT = iphoneos;
				SWIFT_COMPILATION_MODE = wholemodule;
				SWIFT_OPTIMIZATION_LEVEL = "-O";
				VALIDATE_PRODUCT = YES;
			};
			name = Release;
		};
		0EECC8D925DA4A84004E01EE /* Debug */ = {
			isa = XCBuildConfiguration;
			buildSettings = {
				ASSETCATALOG_COMPILER_APPICON_NAME = AppIcon;
				ASSETCATALOG_COMPILER_GLOBAL_ACCENT_COLOR_NAME = AccentColor;
				CODE_SIGN_STYLE = Automatic;
				INFOPLIST_FILE = Scrolling/Info.plist;
				LD_RUNPATH_SEARCH_PATHS = (
					"$(inherited)",
					"@executable_path/Frameworks",
				);
				PRODUCT_BUNDLE_IDENTIFIER = company.Scrolling;
				PRODUCT_NAME = "$(TARGET_NAME)";
				SWIFT_VERSION = 5.0;
				TARGETED_DEVICE_FAMILY = "1,2";
			};
			name = Debug;
		};
		0EECC8DA25DA4A84004E01EE /* Release */ = {
			isa = XCBuildConfiguration;
			buildSettings = {
				ASSETCATALOG_COMPILER_APPICON_NAME = AppIcon;
				ASSETCATALOG_COMPILER_GLOBAL_ACCENT_COLOR_NAME = AccentColor;
				CODE_SIGN_STYLE = Automatic;
				INFOPLIST_FILE = Scrolling/Info.plist;
				LD_RUNPATH_SEARCH_PATHS = (
					"$(inherited)",
					"@executable_path/Frameworks",
				);
				PRODUCT_BUNDLE_IDENTIFIER = company.Scrolling;
				PRODUCT_NAME = "$(TARGET_NAME)";
				SWIFT_VERSION = 5.0;
				TARGETED_DEVICE_FAMILY = "1,2";
			};
			name = Release;
		};
		0EECC8DC25DA4A84004E01EE /* Debug */ = {
			isa = XCBuildConfiguration;
			buildSettings = {
				ALWAYS_EMBED_SWIFT_STANDARD_LIBRARIES = YES;
				BUNDLE_LOADER = "$(TEST_HOST)";
				CODE_SIGN_STYLE = Automatic;
				INFOPLIST_FILE = ScrollingTests/Info.plist;
				IPHONEOS_DEPLOYMENT_TARGET = 14.4;
				LD_RUNPATH_SEARCH_PATHS = (
					"$(inherited)",
					"@executable_path/Frameworks",
					"@loader_path/Frameworks",
				);
				PRODUCT_BUNDLE_IDENTIFIER = company.ScrollingTests;
				PRODUCT_NAME = "$(TARGET_NAME)";
				SWIFT_VERSION = 5.0;
				TARGETED_DEVICE_FAMILY = "1,2";
				TEST_HOST = "$(BUILT_PRODUCTS_DIR)/Scrolling.app/Scrolling";
			};
			name = Debug;
		};
		0EECC8DD25DA4A84004E01EE /* Release */ = {
			isa = XCBuildConfiguration;
			buildSettings = {
				ALWAYS_EMBED_SWIFT_STANDARD_LIBRARIES = YES;
				BUNDLE_LOADER = "$(TEST_HOST)";
				CODE_SIGN_STYLE = Automatic;
				INFOPLIST_FILE = ScrollingTests/Info.plist;
				IPHONEOS_DEPLOYMENT_TARGET = 14.4;
				LD_RUNPATH_SEARCH_PATHS = (
					"$(inherited)",
					"@executable_path/Frameworks",
					"@loader_path/Frameworks",
				);
				PRODUCT_BUNDLE_IDENTIFIER = company.ScrollingTests;
				PRODUCT_NAME = "$(TARGET_NAME)";
				SWIFT_VERSION = 5.0;
				TARGETED_DEVICE_FAMILY = "1,2";
				TEST_HOST = "$(BUILT_PRODUCTS_DIR)/Scrolling.app/Scrolling";
			};
			name = Release;
		};
		0EECC8DF25DA4A84004E01EE /* Debug */ = {
			isa = XCBuildConfiguration;
			buildSettings = {
				ALWAYS_EMBED_SWIFT_STANDARD_LIBRARIES = YES;
				CODE_SIGN_STYLE = Automatic;
				INFOPLIST_FILE = ScrollingUITests/Info.plist;
				LD_RUNPATH_SEARCH_PATHS = (
					"$(inherited)",
					"@executable_path/Frameworks",
					"@loader_path/Frameworks",
				);
				PRODUCT_BUNDLE_IDENTIFIER = company.ScrollingUITests;
				PRODUCT_NAME = "$(TARGET_NAME)";
				SWIFT_VERSION = 5.0;
				TARGETED_DEVICE_FAMILY = "1,2";
				TEST_TARGET_NAME = Scrolling;
			};
			name = Debug;
		};
		0EECC8E025DA4A84004E01EE /* Release */ = {
			isa = XCBuildConfiguration;
			buildSettings = {
				ALWAYS_EMBED_SWIFT_STANDARD_LIBRARIES = YES;
				CODE_SIGN_STYLE = Automatic;
				INFOPLIST_FILE = ScrollingUITests/Info.plist;
				LD_RUNPATH_SEARCH_PATHS = (
					"$(inherited)",
					"@executable_path/Frameworks",
					"@loader_path/Frameworks",
				);
				PRODUCT_BUNDLE_IDENTIFIER = company.ScrollingUITests;
				PRODUCT_NAME = "$(TARGET_NAME)";
				SWIFT_VERSION = 5.0;
				TARGETED_DEVICE_FAMILY = "1,2";
				TEST_TARGET_NAME = Scrolling;
			};
			name = Release;
		};
/* End XCBuildConfiguration section */

/* Begin XCConfigurationList section */
		0EECC8A925DA4A82004E01EE /* Build configuration list for PBXProject "Scrolling" */ = {
			isa = XCConfigurationList;
			buildConfigurations = (
				0EECC8D625DA4A84004E01EE /* Debug */,
				0EECC8D725DA4A84004E01EE /* Release */,
			);
			defaultConfigurationIsVisible = 0;
			defaultConfigurationName = Release;
		};
		0EECC8D825DA4A84004E01EE /* Build configuration list for PBXNativeTarget "Scrolling" */ = {
			isa = XCConfigurationList;
			buildConfigurations = (
				0EECC8D925DA4A84004E01EE /* Debug */,
				0EECC8DA25DA4A84004E01EE /* Release */,
			);
			defaultConfigurationIsVisible = 0;
			defaultConfigurationName = Release;
		};
		0EECC8DB25DA4A84004E01EE /* Build configuration list for PBXNativeTarget "ScrollingTests" */ = {
			isa = XCConfigurationList;
			buildConfigurations = (
				0EECC8DC25DA4A84004E01EE /* Debug */,
				0EECC8DD25DA4A84004E01EE /* Release */,
			);
			defaultConfigurationIsVisible = 0;
			defaultConfigurationName = Release;
		};
		0EECC8DE25DA4A84004E01EE /* Build configuration list for PBXNativeTarget "ScrollingUITests" */ = {
			isa = XCConfigurationList;
			buildConfigurations = (
				0EECC8DF25DA4A84004E01EE /* Debug */,
				0EECC8E025DA4A84004E01EE /* Release */,
			);
			defaultConfigurationIsVisible = 0;
			defaultConfigurationName = Release;
		};
/* End XCConfigurationList section */
	};
	rootObject = 0EECC8A625DA4A82004E01EE /* Project object */;
}
